<Solution>
  <Folder Name="/benchmarks/">
    <Project Path="benchmarks/Mneme.Benchmarks/Mneme.Benchmarks.csproj" />
  </Folder>
  <Folder Name="/samples/">
    <Project Path="samples/Mneme.Samples.AgentHost/Mneme.Samples.AgentHost.csproj" />
  </Folder>
  <Folder Name="/src/">
    <Project Path="src/Mneme.Contracts/Mneme.Contracts.csproj" />
    <Project Path="src/Mneme.Agents.AI/Mneme.Agents.AI.csproj" />
    <Project Path="src/Mneme.Cli/Mneme.Cli.csproj" />
    <Project Path="src/Mneme.Mcp/Mneme.Mcp.csproj" />
    <Project Path="src/Mneme.Sidecar/Mneme.Sidecar.csproj" />
    <Project Path="src/Mneme.Studio/Mneme.Studio.csproj" />
    <Project Path="src/Mneme.Studio.Desktop/Mneme.Studio.Desktop.csproj" />
    <Project Path="src/Mneme/Mneme.csproj" />
  </Folder>
  <Folder Name="/tests/">
    <Project Path="tests/Mneme.Agents.AI.Tests/Mneme.Agents.AI.Tests.csproj" />
    <Project Path="tests/Mneme.Contracts.Tests/Mneme.Contracts.Tests.csproj" />
    <Project Path="tests/Mneme.Tests/Mneme.Tests.csproj" />
  </Folder>
</Solution>
